version: 1
checksums:
  4188a166aad2705b4f09401f924502ed:
    meta/site_title: 644025f35c914eb9943fadebc2fd849d
    meta/site_description: a9518d8bba570e1b647d2f2756d28fc5
    meta/keywords: 6f384b1ed63a4bffc4dc2165fd3d3321
    meta/author: 1b26e71bad36067e6e2237332b0dab00
    meta/site_name: aa6a0c6b264b2964654f2d1130d6d3a9
    meta/og_image_alt: c3e5daf04065dea5f653e08b080d5d46
    meta/twitter_site: 7ddffdf7c674793684fea473f74b23c2
    meta/twitter_creator: 7ddffdf7c674793684fea473f74b23c2
    meta/twitter_image_alt: 8e33e04e2be41b2be24433e6853543ab
    schema/organization_name: aa6a0c6b264b2964654f2d1130d6d3a9
    schema/organization_description: 1993be95311fd14fe367170831ce6b65
    schema/address_region: 1c29fdca2101637e831ff6c6efe8202b
    schema/offer_description: daa7e1d9127e2ec76d337e9cfdbf35b3
    schema/credential_awarded: a00f064036c61dff365b61eba6035891
    schema/catalog_name: f640aa697c7b7fa8d7e479e08c34b912
    schema/course_southamerica_name: 26512f4608e934525f302a9e2e7de241
    schema/course_southamerica_description: 80162e4139bb657838177ad706067931
    schema/course_europe_name: 5a8613aade2ed79fa60745920e66b472
    schema/course_europe_description: c3c7ef656192b3359c90d8f6ac5fcda0
    nav/logo_alt: e632f62da421be89d63f013eff260f59
    nav/menu_aria: a5eb95a4e0c3065c2403c666291f9def
    nav/brand_link_aria: 1ff69604e5a63db38d6416153c6bdb6b
    nav/toggle_aria: 26e805d75af8e200036e1c77b1afd69d
    nav/objectives: d0b42acde0aeb40836582b3d87dfa7d3
    nav/alumni: c077d2d6841f500330f079ab00c70f1b
    nav/programs: 3b4e365eff505c402685bdeefaa66d95
    nav/residences: 996149e8f913ffbdf84f2482c67304ca
    nav/schedule: c74c748c799dc9516937b8471bfc2e18
    nav/register: 38d54e5d817bfb14220015b0a2321392
    nav/benefits: 06c41028c3d7025fafb2b36af0176b52
    nav/alliances: a63917828ffc6b3be5ebdc4b66cb5dcb
    nav/careers: 2f97859b508c2045beac448aac3f9776
    nav/contact: e1caf5cc16c5a4e4dc9d509ff567c9ce
    hero/title_main: d357bcab918a542f1b992170c43d9438
    hero/title_sub: 73fa961ee3ac2b346727f8ee530c1936
    hero/cta_primary: d12e831895b832e68cc8f5e06e496d72
    hero/cta_secondary: 44eaaf6dc7a23bc57d85735be6249b86
    objectives/image_alt: 3eb458de67a25c6c28db306eb0da208c
    objectives/title: e9cb045faa42500d2dbb37816053474e
    objectives/potential/title: 501d5e532bc0bf445c235bb9b429f532
    objectives/potential/description: f72262cfc72c9d559bb6799ec084c414
    objectives/open_source/title: fe348e6cf9cd71f27f342380b2b274ac
    objectives/open_source/description: 48f059f44f707ffba45060ea0cd94f55
    objectives/networking/title: cd9ac4809535775494f5184c32b7b766
    objectives/networking/description: e336714bd701ddeaeed2fd6c502e1795
    alumni/title: 450c2a6b435f1c364f6a18cc2bebc4c3
    alumni/stats_aria: 31901b82c080087eeb7770e94869b086
    alumni/stats/registered: f309d7efbc4138452eda365d72efd14e
    alumni/stats/selected: 328c7c7f40baa2f1222eebaeb16f6a48
    alumni/stats/fulltime: 622027013331e5b26dcdd25477657c5b
    alumni/stats/parttime: c643114fd4820166c8dd9001cc2c4485
    alumni/subtitle: 013d214136dac47a43ae1e4dc1d7b8c5
    alumni/github_aria: 34ed08e5c1cc70e88aab50aee67c8bd6
    alumni/linkedin_aria: 53598a231e5a2aeff0bec269f1415385
    alumni/twitter_aria: cab8c32e3aff53697c0ab04f33fbd7fd
    alumni/grantee_b4os: 4563f41ecc19e723fe0c42103c8c1503
    alumni/grantee_b4os_localhost: 4563f41ecc19e723fe0c42103c8c1503
    alumni/grantee_spiral: d3e2fbf46b6532e7d236d6c553763086
    alumni/grantee_bdk: 4a7fb6eb68fbfb96a037091c56489c13
    alumni/grantee_whitenoise_b4os: 0c8d16504ed43db91ff842b706997bfc
    alumni/grantee_whitenoise: 1e8fa4402b11d75a36ae2fec8cde878c
    alumni/main_maintainer: 213c002a24d01aa6a3bb96ec99dd8b7f
    residencies/title: 0c5cedac6af0dd4f0db8cf44dae8d8e3
    residencies/subtitle: 043e9b13bbd25a71bbf755b62024ac6f
    residencies/duration_label: af8c4a8bd427b341e6fc280b30e3b00a
    residencies/start_label: ffa9f8025a6493b16c10aea45f35bd59
    residencies/location_label: 10a575fcb323cc2558cdd16b3a33f53c
    residencies/southamerica/title: 833ea565cdbd0556bddf7ee6805e93f1
    residencies/southamerica/duration: 7966095b37ab8218e4670a16b78fc97c
    residencies/southamerica/start: dc3d8a52d047ef56509364b224c7c67c
    residencies/southamerica/location: 3d119cd056c6c4faecb28381cff70d69
    residencies/southamerica/description: 94aad167c8663518d7aac8654d066bc4
    residencies/europe/title: 5dea1742e1b73eed5c28a220bca219e1
    residencies/europe/duration: 000d7ff106ebdbb5d9330f7b1f536607
    residencies/europe/start: c2611b29b07673bd7e72578a76ba3a03
    residencies/europe/location: d8202c7740a8819192ccc27cfa97a933
    residencies/europe/description: a9d7b27f19176c41e1c8db71be5a1266
    residencies/centralamerica/title: 92c187467da7631037612ca78728644b
    residencies/centralamerica/duration: 9bb022c2219fa3976d95624aadef83bb
    residencies/centralamerica/start: c2611b29b07673bd7e72578a76ba3a03
    residencies/centralamerica/location: bef56815b9c862b872dcff78a18992a5
    residencies/centralamerica/description: 0527720c46cc0dec121ccdb74d02af55
    residencies/northamerica1/title: 03bee3d053c7de4178a21f8c5a8e19c4
    residencies/northamerica1/duration: ff1567373d384be4c3f8dc4c657dd2e4
    residencies/northamerica1/start: 9c948c7086b5fc046998bbef35da1767
    residencies/northamerica1/location: d4181caefe7c71f44ade790c1afad103
    residencies/northamerica1/description: 30431eecb1bf443f17216587476ba3ec
    residencies/northamerica2/title: 00b360ebec517fec4dff54aef2f4ca81
    residencies/northamerica2/duration: 5b29f1709a795f9637cad5c65b93b11d
    residencies/northamerica2/start: 02e07a236f4dbd24dd3785b12d7e68f8
    residencies/northamerica2/location: d8aa33740dad28a7a415a118766cfcb7
    residencies/northamerica2/description: c54a1bcef47eac7b6c891bd475647706
    residencies/disclaimer: 61aaeeadf20d853d1851e0f622d49bbd
    timeline/title: 3d6faeeca3998f60ced28eaf939cb075
    timeline/subtitle: 8bc9de830a2411df415002d3c78e9567
    timeline/registration/date: bb885362a4a43e095ebd7edc3dbfbc79
    timeline/registration/title: b96ec69801c2d6c025432bcfd031d426
    timeline/registration/description: 697109e39546fb1a07180f453a7f0a29
    timeline/challenges/date: 9f62ad379d2945d4b689cfbce3648da1
    timeline/challenges/title: 9e764a0b2ea3f4af41fac9f1682194d0
    timeline/challenges/description: eccf7dfdc302bbfb40fcb4bca8ccb489
    timeline/challenges/highlight: 98b593f09a4ae39bc0b60e6c0891b790
    timeline/review/date: a41c1ab9b68c8700e8e3bcf2c7b57be9
    timeline/review/title: 3f18e9ce61c2740d9e6a9a6450a3bc4f
    timeline/review/description: 91663e945facf02c3d5da7843c83ceba
    timeline/guadalajara_selection/date: f0a094f3fdccb110107fefd08ad7ee24
    timeline/guadalajara_selection/title: ccc2ef4320e71f7ba3680444fbded307
    timeline/guadalajara_selection/description: e72ccd867eb4fd94d37d9e62dc918218
    timeline/division/date: f0a094f3fdccb110107fefd08ad7ee24
    timeline/division/title: bfaf109736a26b342125db8a619216cf
    timeline/division/description: 860495dd3c36194c1c17f60a90b4bf18
    timeline/division/routes/core: 05d6785c89849c3e62501575e679053a
    timeline/division/routes/lightning: 76514d83815699c9d2d1e9b1b61e19c7
    timeline/division/routes/application: 73cf50989ccdd3f6075c45d001ca960d
    timeline/southamerica_selection/date: 5685f6c4c8ab6badb256df410ca53949
    timeline/southamerica_selection/title: 72b4650b9a19150b22e0817b836d09ec
    timeline/southamerica_selection/description: 9a6f05712c174de5645d9eeb051eda06
    timeline/southamerica_selection/note: f19f138a6da75d57a7884a08ff14718e
    timeline/residency/date: 84d37bf08815d374e43fab8ca8fcce2c
    timeline/residency/title: 9c35850e79c313dec9374b38d5a30da1
    timeline/residency/description: c06ac0fbb6fe40e4bf9df8f3d42c07a1
    timeline/grantees/date: 696f11c2714ce2690a5f3bb86a0fc6a8
    timeline/grantees/title: 1313f186af9483111f7423b174108ffe
    timeline/grantees/description: 767ff5b1c386279eb0a48b17ebc4bacf
    registration/title: e3b1c17babb334dc9d69bf0a31c3c151
    registration/description: 5b1a6f71c749193082cf4a32e29bca5e
    registration/requirements/title: 43c63ede04bfaba99f416d3384350b78
    registration/requirements/experience: 86dcc468e2caa8970720ef967c46efae
    registration/requirements/languages: 9d944ebb37f1c1ff5cdb73d9f4d81ee5
    registration/requirements/interest: 61993f8e7b25f27e789be2a3069f5408
    registration/requirements/availability: 22282822e508ba49205af31ebfa408f6
    registration/requirements/resilience: af842891833dfaecd97efce630231b57
    registration/requirements/spanish: 05ce58363ab94ce4a4cab179dd42d486
    registration/period/label: a0fc05149cd0b4a6f54b3dcec0e64977
    registration/period/dates: 3f0fa05d7639b0697b05b6ba32ffd677
    registration/closed/badge_label: 24698bc46c4189b249e14857ce1c9fa4
    registration/closed/badge_text: b136760fab817be6d6dfde717e98c0e7
    registration/closed/title: b672bf2ae1d8c6e3114af354eebf43d9
    registration/closed/subtitle: 0d90f6146b1da7edfb29f7a6e5dd3101
    registration/closed/email_placeholder: feb99686688405b7ac395410a45e7a75
    registration/closed/email_aria_label: f42ab75dac3cb47ec436f2b726287447
    registration/closed/cta: f49497661d0ca437906fc64eeb504831
    registration/closed/success_title: 65fcae716f89b85850c0bf697bf39af5
    registration/closed/success_message: 99b9605785f6ff86225a446ab4d5f124
    registration/closed/error_message: 77d6920b15218358157e499c0a7a7dd2
    registration/closed/email_required: 6abd1c9ff3f5587bbcc046c18945c5db
    registration/form/title: 0f9ffb9f14aebee4b018f2a97d1773d1
    registration/form/aria_label: a76b95e4cd0df4201c9aabe7e7ecbfb6
    registration/form/name/label: 385ede445a7d152a62c1b730233d3c0d
    registration/form/name/help: b49f3a83174de845923bedde40ad575b
    registration/form/email/label: 00f48db7b8177806d7bdec49f5fe3a31
    registration/form/email/help: 11a8d0af01deeec7fda467baefa17661
    registration/form/country/label: 919185e621228784ce7bcc0a17ceb24d
    registration/form/country/placeholder: 6906058dc376e9e78a04b36609cdc52c
    registration/form/country/help: 87c8df5778a123b9b2de306950881f3d
    registration/form/city/label: d58c2d37c9be42b3865203239438e330
    registration/form/city/placeholder: 2c3601e958cfd9a497711279084ba53f
    registration/form/city/help: 4ea82f7661f0855b5f9fa671901cc04a
    registration/form/experience/label: 3f8cbbbdfc5ad221e67d0e06e5584c5b
    registration/form/experience/placeholder: 68d8cccdb9f9268640357952cc504f36
    registration/form/experience/options/2-5: a72f720c36f423eaeb09bf8692145f6f
    registration/form/experience/options/5-10: 7a4046f3a6b14f7f1820f319078a04da
    registration/form/experience/options/10%2B: 1febd25fa47fadc91333338f6584a73c
    registration/form/dev_language/label: 2117ba8f81d10347693a4a352b36d4c5
    registration/form/dev_language/placeholder: 943ef5d81120e351bdbfa7ca71dd39a4
    registration/form/dev_language/help: 0294b62d3b16ceb57ec0c32c8a6f98c4
    registration/form/technologies/label: 3684f9f0c1155d0caef239d7595ee25e
    registration/form/technologies/placeholder: 29f4c71145d1929bff432d9501a9eb39
    registration/form/technologies/help: 25a3fa1c9bbf44df718f905433e78e7c
    registration/form/github/label: 7c2f2fc8a08ddffc4a6cd2119808b685
    registration/form/github/help: aef57102e34a6dda4a4864b5864a4538
    registration/form/motivation/label: 12e0131ba483308676eb7de102c99df8
    registration/form/motivation/help: 0fb81784a05760db599594914fcdfacb
    registration/form/how_heard/label: d69d324c9005a19980e6cb02b03c2bc5
    registration/form/how_heard/help: a390ef0ff2c71e18b5eb2d19a7674b65
    registration/form/how_heard/options/libreria: 1d6e8378485eb5612af9cefe0ac3be51
    registration/form/how_heard/options/bitcoinong_argentina: 1d6ac9ec6e4f1fd68c9021dfe5538948
    registration/form/how_heard/options/world_liberty_congress: 37bdd1d91df3296c8fcc32187c99daf5
    registration/form/how_heard/options/chaincode: 44f7ac8e0fa83cbb3b698f38fc61c262
    registration/form/how_heard/options/others: 116cb394a03546d174e496132ca9ed61
    registration/form/how_heard/others_placeholder: 8d702f5d4679aaed246bb47846f6ab38
    registration/form/terms/label: 97b8cabca25fb92b63f40b194af2db88
    registration/form/terms/help: cd2c58a137a3e88e874361f169a37055
    registration/form/terms/link_text: cc2cc10744634ecf4496c25a7abefb06
    registration/form/submit: 651d82ce59130a6a35ebe01477cd74b7
    benefits/title: 69654c89b9ae675f51ea24b2c9436630
    benefits/subtitle: d93ff44d0521b34f75baad0b68de2f96
    benefits/cards/1/icon: 27bf3b5690ae43df216547bad109bfed
    benefits/cards/1/title: 847cfdbbc3e4a0d11fe79faad1fdcdfa
    benefits/cards/1/description: e9aaba304aeabde4ccd02abcdb3eaf73
    benefits/cards/2/icon: cab1297a14f6b987754e34f4ce8eb684
    benefits/cards/2/title: bf8ae14c43f2ad98e871fef409237f61
    benefits/cards/2/description: 83719f7f14f4cdad395356662a74f8e2
    benefits/cards/3/icon: 64a58058427862ae17ab98f84bfccdbd
    benefits/cards/3/title: 3c7f92e6b74ca7ba461d349c72dd641c
    benefits/cards/3/description: 12692e5ea9d49f118049d823b9dcf23d
    benefits/cards/4/icon: f725cd87f10089a175c4a60b141d22c2
    benefits/cards/4/title: 04d45e1a19b3e2cbb16ed9d9ad9ccafe
    benefits/cards/4/description: dffa337e7dd8d7d121c95f1afa0a1ca4
    benefits/cards/5/icon: 3bc1c17ed543a1de3934d9bad566c0ea
    benefits/cards/5/title: 5fef9eed862d73af715357d06d512307
    benefits/cards/5/description: 6cf1ccff5886b772f53c65cb663401d3
    benefits/cards/6/icon: 1823d8315e3eb843cc4dc51835c2bfa9
    benefits/cards/6/title: 9eacc8bfcfc94d696bb0d6a671b60122
    benefits/cards/6/description: 35a54f668179eb582994a1d29c5b031c
    benefits/cards/7/icon: 4832e87e795b14db09341ece374943d2
    benefits/cards/7/title: 0baec17f851e20e3a51f3f7bcdd6545c
    benefits/cards/7/description: 5ca2d50bf559a46cd79c0bdaca2e6e5e
    benefits/cards/8/icon: d770da332c2057341738d1933c1a920e
    benefits/cards/8/title: 8f3b6d87bf73d3eb6e22ffc235f5cbdc
    benefits/cards/8/description: 10b07c9b5763dd821f0dae77b5cb64f2
    benefits/cards/9/icon: 86ef07f9140c8afdfa9e2af84fdabf34
    benefits/cards/9/title: aa146ba14ccba4b5380ec816de0af957
    benefits/cards/9/description: 9462e1a5ceb18669a0caf24004117e7a
    faq/title: e2ad2ff9fa4a2ee13f5464f67b708778
    faq/subtitle: c314076ce6e7da1868116c112093d124
    faq/questions/1/question: df5dad7521ee65780d1086c27cd21c2e
    faq/questions/1/answer: 284bb148fa565bcca14ef9fcc0efd47a
    faq/questions/2/question: 955d89392ebd97bca2827c1a3a5e6a20
    faq/questions/2/answer: 245127212941d5cf32714aa4a482196b
    faq/questions/3/question: f62c7c523f9181d17f962f2d02ff531e
    faq/questions/3/answer: 66b640cc6fca1ea020d2ba8e6e5c5bd7
    faq/questions/4/question: 0a4bcddb26e2cd5cbd77f28c9273f2b2
    faq/questions/4/answer: ffc7e678b8dd59a88abd488531d84abf
    faq/questions/5/question: 2e23d2c1f8f724a192bbf45ebb56b715
    faq/questions/5/answer: 338ec63798fcadead85bfaaeaa635d2b
    faq/questions/6/question: 3a973c5130f83c2af3feeef529fa8bff
    faq/questions/6/answer: e38f73175d877a79c76486739e43c5f4
    faq/questions/7/question: 765a137f61403344c7c457aed4dbe266
    faq/questions/7/answer: ee48d924a7b9fa239e7aa5a6b8e46312
    faq/questions/8/question: b232316b05d1098f148c51c2cc9c0024
    faq/questions/8/answer: 80ed2d79b70b0179088c82a426cf7e1a
    faq/questions/9/question: 3bb257584315a122c6272ccacc29d4dd
    faq/questions/9/answer: f0077aa7e6e98c81b13ee1dc9892811c
    faq/questions/10/question: 3610d067a0bef57470a5319987105c51
    faq/questions/10/answer: b5a14390d09634289ed8a812a11da4e3
    faq/questions/11/question: 68dc6901103d24739214a2a0c28c3dbe
    faq/questions/11/answer: ce5579026b83a112e4fd6489c30b1558
    faq/questions/12/question: dbecf496bca85676a1b78fd365ec077a
    faq/questions/12/answer: 1f068a282cd0cd7e9d15dd7b89965f6f
    faq/questions/13/question: 7046e5930542a5700a697a8de4ad2d7c
    faq/questions/13/answer: 7282d3ee79a910ef5910dd7316623fbf
    faq/questions/14/question: 046e0faa52c3665d19b3be36a6fc8c43
    faq/questions/14/answer: b97e3eef03af7caf208503fc2e094c2a
    faq/questions/15/question: c0784a4dc31b9c50344e6478fd485149
    faq/questions/15/answer: fe9cf5a85fff94c3510b50a5b1b2080e
    partnerships/title: a63917828ffc6b3be5ebdc4b66cb5dcb
    partnerships/subtitle: 6a15c8e75506cc52bed44a5a25e10434
    partnerships/main_sponsor/text: 105a02523665c94f0aa781e25ed28817
    partnerships/strategic/title: e594d93111a5495dfb7165cf4fd04c2c
    partnerships/physical_spaces/title: 10328636f19574ae63bbf07040e9646c
    partnerships/conferences/title: 2f672e900439541ff5989781d542c18c
    partnerships/communities/title: f977ba571f8e87fa28f6bf90c465b2b1
    partnerships/partner_descriptions/bitcoin_argentina: f87f663aa6888de735f9378ffa5a15f5
    partnerships/partner_descriptions/chaincode: a8a56e85a7249a72eab8ad46ce7d1f4a
    partnerships/partner_descriptions/ongbtcchile: 3d0ad0425904cd5d302fc3a728a6020a
    partnerships/partner_descriptions/blockchain_colombia: 2030ff32b2279268b4703ed5f0fc44c3
    terms/page_title: 4808b7f51ec0965fe366d804f9f5ab8c
    terms/page_description: 61f6b4af64fb28f9da8b92d52a5d81ea
    terms/nav/logo_alt: e632f62da421be89d63f013eff260f59
    terms/nav/back_home_aria: 4a412d1ab6aaf6ca34ecf0664129e368
    terms/nav/close_btn: 349e0d61f4dd47e93b505a133bb21d9a
    terms/header/title: 177c4dd0cbe54dbc4004ca125430774a
    terms/header/intro_1: 7052b87f4c119a0316e6d9f33d18bf20
    terms/header/intro_2: b65a7367f2b7b60141712e34f7a43bde
    terms/sections/about/title: a4128e1566dbc124f17e592bd52c3e1d
    terms/sections/about/content_1: b46e0410010ed39b058ef5c2508ea864
    terms/sections/about/content_2: 7a90df45c59cd5e283d5bf5a6377d730
    terms/sections/eligibility/title: a6dbb32bd4de457632788d9a164a983f
    terms/sections/eligibility/process/title: 16601d63e0474c6e9ad5841a2f2db87b
    terms/sections/eligibility/process/content: a7444902b4f1391d5617fbfc36c3d97b
    terms/sections/eligibility/target/title: 7c9fc6ebdb170ffee8cb490f3f3fcba6
    terms/sections/eligibility/target/content_1: 74c7dd3857cbf528fb4744a6c7bb5fd1
    terms/sections/eligibility/target/content_2: 0b95069d512b331923cc8ac19bb7b0d3
    terms/sections/how_it_works/title: 1deb6da9886fbf6897032f6cee84eddd
    terms/sections/how_it_works/phase1/title: 373f266c5a38f7c8956bbb3f1136e643
    terms/sections/how_it_works/phase1/items/0: 363400f7d6b8d76bd9cdbcd56e529e4d
    terms/sections/how_it_works/phase1/items/1: 848edaf03690a154e76aa85460dfb8a7
    terms/sections/how_it_works/phase1/items/2: c7d73fa81040d7bc1778f3f5abffea37
    terms/sections/how_it_works/phase1/items/3: 692b71ab9525042c85dfc3e3083f2693
    terms/sections/how_it_works/phase2/title: d1314ca579ccfc3f288c0a939bd29c2c
    terms/sections/how_it_works/phase2/intro: 84d4b70f2b72fee361d105a61558a3b3
    terms/sections/how_it_works/phase2/items/0: 1a2c8dd80be6bca81c84a513a14d7d20
    terms/sections/how_it_works/phase2/items/1: 392f2288b1babe5284bb0cf6580493ff
    terms/sections/how_it_works/phase2/items/2: 7a24a59bc2b0a7b59b61ab6c14d82fa7
    terms/sections/how_it_works/tools/title: d3d3cc1ef4a36021bce19d2a031c5ccc
    terms/sections/how_it_works/tools/items/0: 1bce53bc7e152ec5c17b7911fa9f5294
    terms/sections/how_it_works/tools/items/1: 64d64d1960b554266737fe5e68500993
    terms/sections/how_it_works/tools/items/2: 42945fcbdae5197aadaad110eafa7b09
    terms/sections/intellectual_property/title: b24ab4a74c7095bf844f311b6c0b6a37
    terms/sections/intellectual_property/your_code/title: 0226c74e87d0445fff97e8d3904ede38
    terms/sections/intellectual_property/your_code/content: c45a3ef733d0b5e513bfaf7baf230bfc
    terms/sections/intellectual_property/our_content/title: 951b7848335efde74c0fe5a1a14234c3
    terms/sections/intellectual_property/our_content/content: 257f693ed1e24e202f41c1a0e2101732
    terms/sections/conduct/title: cfb689374f607e279ddecf56436eccbc
    terms/sections/conduct/content: 90afbc844f75afcbe56ecad3de6fa5ed
    terms/sections/scholarships/title: 33ef90404613240fd3e380667727b8ed
    terms/sections/scholarships/expectations/title: de23e510dca3bb0f8fae6cabdf70f969
    terms/sections/scholarships/expectations/content: 3c294d00fde0e687324683dcf3983f10
    terms/sections/scholarships/criteria: 6acb9e56de72608a9abc066c16e29e22
    terms/sections/data/title: a6a51583ef6bad2013ea92a5c37884ef
    terms/sections/data/content_1: c93d91b48956cc75928f4cb5e3c2cf8a
    terms/sections/data/content_2: 9478293e4fb7ac908722cf00d6ee7702
    terms/sections/communications/title: f7a06dde5fd0b26405f3d7e11a43f389
    terms/sections/communications/content_1: 0000437967569895ddc5656eff103df5
    terms/sections/communications/content_2: ed8307846c3010eea27c10e5b93fac71
    terms/sections/changes/title: 676f10e9072e83b4eed56f0ad3b2a619
    terms/sections/changes/content_1: f8c4b0a30a192080455ed239b34e07d1
    terms/sections/contact/title: 505d4c86e7ad3ce701487abb30b89614
    terms/sections/contact/content: e3b6f76a47876945da1dee813bed05d9
    terms/sections/tldr/content: bf0faa60277a90060a4474fbfd4b1e66
    terms/footer/last_updated: 3fcc2c6efd856d259c24a0b6975e03ad
    terms/footer/date: 231bafe3d6a2eb14e60046c6dcd3dd85
    terms/footer/close_btn: 8d666219d7e38a8c12bd7acbdda8815f
    terms/footer/register_btn: 60ecdaaf64a3c123dc464c4c15a37e6d
    terms/footer/copyright: 699de6a9fd134a83ef785668886d8449
    terms/footer/legal_links/terms: 5f760af55361ecf8f54a168491c41eb7
    conduct/page_title: 292e865d06c04218b13402395389b5de
    conduct/page_description: aaeb9bc1ff76196a6016baa667af0e28
    conduct/nav/logo_alt: e632f62da421be89d63f013eff260f59
    conduct/nav/back_home_aria: 4a412d1ab6aaf6ca34ecf0664129e368
    conduct/nav/close_btn: 349e0d61f4dd47e93b505a133bb21d9a
    conduct/header/title: 52dbb86cb3b63b24affc3ad50f26d1f9
    conduct/header/intro: db3191291ca1395f4dc26d37ced7d47e
    conduct/sections/commitment/title: 106abf612c560dbac79adb3e82b20f7b
    conduct/sections/commitment/content: 4e93a21aacb7fa2bacfa0a61a4e84b8b
    conduct/sections/standards/title: 78628d4f77f607dda8b78851e3380859
    conduct/sections/standards/positive/items/0: 79b52bbc0f2e28fcb0a01404bc4a7e65
    conduct/sections/standards/positive/items/1: bdbca051e72eac82658b1ba2b6521d42
    conduct/sections/standards/positive/items/2: 46d546143a326733ace628ed2beb8d5d
    conduct/sections/standards/positive/items/3: 4a457cbecb5bc31a51ed7a80903f5f21
    conduct/sections/standards/positive/items/4: 397d876b7a74d81826bd85a3e34e40d8
    conduct/sections/standards/positive/items/5: 7ce5f7e17e3c6d23c3dc1d2f34c42985
    conduct/sections/standards/positive/items/6: 8090c92e65557228ac18f6c91bd306b4
    conduct/sections/standards/positive/items/7: 3c6bcdcf6aca61b1b75c56415da7776d
    conduct/sections/standards/unacceptable/title: 3642a6660f229474c38572eb7c4ab55e
    conduct/sections/standards/unacceptable/items/0: 6801959b7ba27a3cf85fb680b022a880
    conduct/sections/standards/unacceptable/items/1: 493794d539e7301087c5062f9d625bed
    conduct/sections/standards/unacceptable/items/2: d739caceec722d6b69c64ab058244f97
    conduct/sections/standards/unacceptable/items/3: c4f33881e9a4bc7d214d23ffc18cff18
    conduct/sections/standards/unacceptable/items/4: bf1c4ebd266c7b1c1f2d55281ec5da80
    conduct/sections/standards/unacceptable/items/5: 23339c0b786d766ad3e345bec98d5716
    conduct/sections/standards/unacceptable/items/6: eeef1cc6b03c9005fc7ef47b9db684bf
    conduct/sections/standards/unacceptable/items/7: 8184f9af7b6a0e693a586d0926dd9f7e
    conduct/sections/standards/unacceptable/items/8: a7083d1a3f588716a24f81da75de3f82
    conduct/sections/standards/unacceptable/items/9: ee27008cff4a46c8b9d56b3a44d28e1b
    conduct/sections/sanctions/title: bc93966aa0cfe0211e727d7775e66fa1
    conduct/sections/sanctions/content: e1d9be2c32843acc869da27999dd6be7
    conduct/footer/last_updated: 3fcc2c6efd856d259c24a0b6975e03ad
    conduct/footer/date: 231bafe3d6a2eb14e60046c6dcd3dd85
    conduct/footer/close_btn: 8d666219d7e38a8c12bd7acbdda8815f
    conduct/footer/register_btn: 60ecdaaf64a3c123dc464c4c15a37e6d
    conduct/footer/copyright: 699de6a9fd134a83ef785668886d8449
    conduct/footer/legal_links/terms: 5f760af55361ecf8f54a168491c41eb7
    careers/title: e61f2df41d9c041d3794311f3d04ce10
    careers/subtitle: 9e1ec6cdfb7b5835625272f276cccec8
    careers/highlights/remote/title: a38f4d75910f4dc6b7ed1d242ab85e99
    careers/highlights/remote/description: 62a0d83508ad36d932636802ad493e02
    careers/highlights/bitcoin/title: ec8b86eb972472be6485baf651a7722b
    careers/highlights/bitcoin/description: 5552852bf29979872a3d54c1a207004b
    careers/highlights/mission/title: 60b91fc59e68bf5394157b6a6bd017ee
    careers/highlights/mission/description: 51094ed52789211c2a7f9638b03a3b84
    careers/cta/title: 96a0c61bfe3ed13eeaa51d6ccfcd2d19
    careers/cta/description: 2d64139be4e4ff7a9c5fa873d122593f
    careers/cta/button: a3b8e96141d5a66de99eea63ec27f305
    enroll/meta/titleSuffix: 95e2c5b8f1a1afc2a817010a440a72c0
    enroll/breadcrumb/programs: 3b4e365eff505c402685bdeefaa66d95
    enroll/sections/about: 7cbededf412da798c06bc6de839b6bc7
    enroll/sections/highlights: 1c1a597f2bd80968c58a99e08d534d23
    enroll/sections/notify: 58c17e3b58643a4cd3c3e51d15f34313
    enroll/sections/results: ec2a013579f60edd9bad79d3f3c1d24e
    enroll/waitlist/description: 32f8d7d0a4c9c2d049d316e47ed971c1
    enroll/waitlist/placeholder: feb99686688405b7ac395410a45e7a75
    enroll/waitlist/cta: f49497661d0ca437906fc64eeb504831
    enroll/results/description: ae657b4e4fa9cefb3dcb321bfec764cf
    enroll/sidebar/title: e0070186cf5eeb87bc1247702a15a391
    enroll/sidebar/status: 24698bc46c4189b249e14857ce1c9fa4
    enroll/sidebar/dates: 3f528d83158af9124efb8511b37c49bc
    enroll/sidebar/back: a2ce65fc91d24036c77e85d00cc186c5
    enroll/b4os2024/subtitle: c2b47395a12cfef3514b5b784906c1c5
    enroll/b4os2024/dates: 107f886502ec05a50e4c3799e0c85721
    enroll/b4os2024/description: 8a24334e05a800e0099b4900d901e264
    enroll/b4os2024/highlight1: 078c2fa5411eccd2063479e42080c680
    enroll/b4os2024/highlight2: c367902e4589e091d9a9aea691b98ee7
    enroll/b4os2024/highlight3: 311f8d837e2b1f89b59e692647108666
    enroll/b4os2025_1/subtitle: 039b09a9ed151d63cfcb3afb704b541e
    enroll/b4os2025_1/dates: d09e9724569f1bd65c1c47a5b3f12d7b
    enroll/b4os2025_1/description: c60e0daf282d4e1f6a61d5ee156461d2
    enroll/b4os2025_1/highlight1: 7a10a60fcaa6bb7af15a0e763391f0c1
    enroll/b4os2025_1/highlight2: 3484183920a74cc3ed3ce844ca7628f4
    enroll/b4os2025_1/highlight3: e32926d1b2aa9a6c03328a75957aaa72
    enroll/b4os2025_2/subtitle: 72ac2b07842293b31e782b73ff830495
    enroll/b4os2025_2/dates: 05c433904aba56ecfa75a08d9a5822aa
    enroll/b4os2025_2/description: 93049af3141dd914a681f551c7eb3c6c
    enroll/b4os2025_2/highlight1: d3450012c9b57004f60e238ccf6555e2
    enroll/b4os2025_2/highlight2: 9128af3615b05c0059259d95515cf305
    enroll/b4os2025_2/highlight3: a6d68170f8470e43e75d2fa62bf3d64a
    enroll/b4os2026_1/subtitle: e09fb73641feeacc73a7fae7b78319a2
    enroll/b4os2026_1/dates: 75a492883c2a76f741fbb19555334889
    enroll/b4os2026_1/description: 5fd9ea9d7c12d231eb98aa008690370d
    enroll/b4os2026_1/highlight1: e09fb73641feeacc73a7fae7b78319a2
    enroll/b4os2026_1/highlight2: 082d6ce55aebbfeeaa4d8f5f0d95ab25
    enroll/b4os2026_1/highlight3: dbffc63115a26cb1a7ce30211496c0c9
    enroll/b4os2026_2/subtitle: 7fecc00ee338909b801dae63c2b435cf
    enroll/b4os2026_2/dates: f704c330d08d125e70435263196af623
    enroll/b4os2026_2/description: 7ab29e9299b6612107814947fe547681
    enroll/b4os2026_2/highlight1: d235341c14aca6280f1f47e4821aa379
    enroll/b4os2026_2/highlight2: 47f4d875d7c4961342a0931484130b85
    enroll/b4os2026_2/highlight3: 45dcfd85228ca3216541d133b7584ef8
    enroll/conferencia2026/title: 93d95e64f89914a567eb7282781704e1
    enroll/conferencia2026/subtitle: 443ad387cc79d876196594310bc0e8e0
    enroll/conferencia2026/dates: 7e7ccc33bf03688babe00884e7572792
    enroll/conferencia2026/description: fcf9b797fe404c95e0e944d936127a70
    enroll/conferencia2026/highlight1: 4144fc37274eafe4085c73838b7d2934
    enroll/conferencia2026/highlight2: 6b5ca7a000e47f7875fb8b86bef95cf2
    enroll/conferencia2026/highlight3: cbea55994c67f5b973997ba8cba182db
    enroll/b4os2027/subtitle: fb5f70c2550ca3adf9e0ca4611748fc2
    enroll/b4os2027/dates: 6d44e7011eec78569c723b7d4de033ce
    enroll/b4os2027/description: 6972178bf17537dc164909accd638ddb
    enroll/b4os2027/highlight1: 7fecc00ee338909b801dae63c2b435cf
    enroll/b4os2027/highlight2: 47f4d875d7c4961342a0931484130b85
    enroll/b4os2027/highlight3: e25e95f2b3a8e29430ab013027b0fbd6
    enroll/chaincode2025/subtitle: 7bdbbad3c8c6b7e5528d27ab65448d3a
    enroll/chaincode2025/description: 10eb0fb16374143f4341000abd0bd4cb
    enroll/chaincode2025/highlight1: 7bdbbad3c8c6b7e5528d27ab65448d3a
    enroll/chaincode2025/highlight2: e32926d1b2aa9a6c03328a75957aaa72
    enroll/chaincode2025/highlight3: 14184adbf24c3c4725e2259a589bb455
    enroll/chaincode/formDescription: 90ec85b87de620e4d27bfc2d38d7675a
    enroll/chaincode/firstName: b8dba4539e36d6f07998526319b65c1c
    enroll/chaincode/lastName: a671dabd9eb8d894ddb2beb143353ff1
    enroll/chaincode/email: e7f34943a0c2fb849db1839ff6ef5cb5
    enroll/chaincode/github: d1ab4d6bd4a8591c3850c4c80079fa73
    enroll/chaincode/githubHelp: 56fe6cc147a8e00a253e8039c82726f0
    enroll/chaincode/linkedin: 0fa30f4e58a2864e61c291a1b0a65c26
    enroll/chaincode/seminarParticipation: c2ff09f0b3ef58c3eac9f7f8f7059389
    enroll/chaincode/seminarOption1: 2d991e9e44bcca0e50b0977a6cf82322
    enroll/chaincode/seminarOption2: 90b7f631493c1ac75cbecce4f5096aed
    enroll/chaincode/seminarOption3: 3cef6d9af9e8f2c9d2e714fb0adde810
    enroll/chaincode/seminarOption4: 8c708225830b06df2d1141c536f2a0d6
    enroll/chaincode/experience: baca044bd9fa958eb33c31f5cca04530
    enroll/chaincode/whyParticipate: 4f04044669656ddbbd8be292fac385bb
    enroll/chaincode/goalAfterCompletion: e18e79e96620e7c1bcece4cab079b5e6
    enroll/chaincode/interestedProjects: 6651b801c024a380aaba05b485bc20d4
    enroll/chaincode/referralSource: f6f44e3cc520365d9724abde353d1584
    enroll/chaincode/referralPlaceholder: 81f6d254cb4de779ae851f89bef7d07e
    enroll/chaincode/submitButton: e839c74acd45e38529cffbbc0ecc069a
    enroll/register/description: 97547a8ca114fc50fa5fd1b2666de690
    enroll/register/cta: bb2c3d4681e0801b9fdf442c2c786224
    programsPreview/title: 3b9e4222eb8fd6a44b8ea4bd1f994c4e
    programsPreview/subtitle: 070d43f474ef70bef7f27f0d1aec78dc
    programsPreview/viewAll: ecbcb0d6911d64bfe5e40748c02370a9
    programs/meta/title: 45f63761d775e097f4f06cc116d28561
    programs/meta/description: 8664f7eeb568b7666fb8d52560a22ee9
    programs/backToHome: 963f4717e252f56c5a46b1336ad80bef
    programs/hero/description: 21787fd14adaea687bf3bc05b6d2bcb5
    programs/filters/all: 7aca895b8056de3b989b9c8fad8bc3f6
    programs/filters/open: 72ac2b07842293b31e782b73ff830495
    programs/filters/upcoming: 331d0f2859ecdfa06ad785eb97f73160
    programs/filters/completed: 8898007b5d3db5efeaa3b900adf11357
    programs/filters/events: e13b8b68d88285f2ecfc20a32cdaaea9
    programs/statusLabels/completed: f79d02bd2e5ef39c34380f499c8ef518
    programs/statusLabels/in-progress: c40b122f7c8549e3c381dc8ae48e0d12
    programs/statusLabels/upcoming: 7cca32946f9b763e9c6f4b2eae3b2d26
    programs/statusLabels/open: 72ac2b07842293b31e782b73ff830495
    programs/statusLabels/event: a68cdd1bbc7212c11cb09dc28b781d2b
    programs/items/b4os2024/date: 107f886502ec05a50e4c3799e0c85721
    programs/items/b4os2024/description: 921615c49b47e3e9502d6d60ba3a33c3
    programs/items/b4os2024/cta: 2fc4be891219d75feaaa3fc83d2e7e0d
    programs/items/b4os2025_1/date: 299b056c70c02fa3ca629b95c558017c
    programs/items/b4os2025_1/description: 2688af457ede438ef50584f479f6dbb8
    programs/items/b4os2025_1/cta: fb0e78174d5e05abfd3f4b43a84eb261
    programs/items/b4os2025_2/date: 05c433904aba56ecfa75a08d9a5822aa
    programs/items/b4os2025_2/description: eda5cf2699d04d9750274fb35704f880
    programs/items/b4os2025_2/cta: 3e7c08333f0befc0dda19e1d9a02ac2a
    programs/items/b4os2026_1/date: 75a492883c2a76f741fbb19555334889
    programs/items/b4os2026_1/description: 46783787729a1ec4415553c56c7500a6
    programs/items/b4os2026_1/cta: f49497661d0ca437906fc64eeb504831
    programs/items/b4os2026_2/date: f704c330d08d125e70435263196af623
    programs/items/b4os2026_2/description: e95c062b8d965d82633c855224f3201d
    programs/items/b4os2026_2/cta: f49497661d0ca437906fc64eeb504831
    programs/items/conferencia2026/title: 93d95e64f89914a567eb7282781704e1
    programs/items/conferencia2026/date: 7e7ccc33bf03688babe00884e7572792
    programs/items/conferencia2026/description: 576fec414ada0fc6ffc66bfe2f47f752
    programs/items/conferencia2026/cta: 5a2f30d01d9a41ec326314dfc80b9947
    programs/items/b4os2027/date: 6d44e7011eec78569c723b7d4de033ce
    programs/items/b4os2027/description: b10b961aa7d90cb28ee895252bd35a36
    programs/items/b4os2027/cta: f49497661d0ca437906fc64eeb504831
    programs/items/chaincode2025/description: f841fa9e1f15e5080db97f5ddb21a3eb
    programs/items/chaincode2025/cta: 5a2f30d01d9a41ec326314dfc80b9947
    footer/logo_alt: e632f62da421be89d63f013eff260f59
    footer/description: 53ba421f4c640bb2b5d33095a6653e57
    footer/quick_links/title: 7261cfd749bf1f4d43928835586012e5
    footer/quick_links_aria: e675a6ce46c3984eab39e1f1861a4140
    footer/resources/title: 47d48a0ba69ed4abb1eeb3a01c3ed243
    footer/resources/library: 1b26e71bad36067e6e2237332b0dab00
    footer/resources/courses: be6aa4ca34e22adbfc80de828e4476a7
    footer/resources_aria: fb9e507206984be8547302a752fc32a9
    footer/contact/title: 78edc03537eb4773cc7153c6d315a2b3
    footer/social_aria/facebook: 17c13ddb7480980937cddc3b361b5835
    footer/social_aria/linkedin: 97a1fe926bcbda03c964bf47f8a98acf
    footer/social_aria/twitter: b93e199b3998ccbff030b72c512633d5
    footer/social_aria/github: a483e0248bc98916204c3c4a1c077586
    footer/social_aria/discord: c7f7e52fbf195787d907d1885d85b5fa
    footer/social_aria/nostr: 27794a1fe494135342898c6c870d9508
    footer/copyright: 699de6a9fd134a83ef785668886d8449
    footer/legal/terms: 5f760af55361ecf8f54a168491c41eb7
    footer/legal/conduct: 09898fb9809f09e3cbdc6b5717fbc15e
    footer/legal_aria: ea22c572c2641ce6aadf32b2597b8197
